// !$*UTF8*$!
{
	archiveVersion = 1;
	classes = {
	};
	objectVersion = 46;
	objects = {

/* Begin PBXBuildFile section */
		CFC1D20911E1FC94AF78325C /* libPods-Instagram_parse.a in Frameworks */ = {isa = PBXBuildFile; fileRef = 01878BADDE675B6592FCD2B2 /* libPods-Instagram_parse.a */; };
		E71A2CDE1B9960A300896CF4 /* main.m in Sources */ = {isa = PBXBuildFile; fileRef = E71A2CDD1B9960A300896CF4 /* main.m */; };
		E71A2CE11B9960A300896CF4 /* AppDelegate.m in Sources */ = {isa = PBXBuildFile; fileRef = E71A2CE01B9960A300896CF4 /* AppDelegate.m */; };
		E71A2CE41B9960A300896CF4 /* ViewController.m in Sources */ = {isa = PBXBuildFile; fileRef = E71A2CE31B9960A300896CF4 /* ViewController.m */; };
		E71A2CE71B9960A300896CF4 /* Main.storyboard in Resources */ = {isa = PBXBuildFile; fileRef = E71A2CE51B9960A300896CF4 /* Main.storyboard */; };
		E71A2CE91B9960A300896CF4 /* Images.xcassets in Resources */ = {isa = PBXBuildFile; fileRef = E71A2CE81B9960A300896CF4 /* Images.xcassets */; };
		E71A2CEC1B9960A300896CF4 /* LaunchScreen.xib in Resources */ = {isa = PBXBuildFile; fileRef = E71A2CEA1B9960A300896CF4 /* LaunchScreen.xib */; };
		E71A2CF81B9960A300896CF4 /* Instagram_parseTests.m in Sources */ = {isa = PBXBuildFile; fileRef = E71A2CF71B9960A300896CF4 /* Instagram_parseTests.m */; };
		E71A2D041B9960B800896CF4 /* HomeVC.m in Sources */ = {isa = PBXBuildFile; fileRef = E71A2D021B9960B800896CF4 /* HomeVC.m */; };
		E71A2D051B9960B800896CF4 /* HomeVC.xib in Resources */ = {isa = PBXBuildFile; fileRef = E71A2D031B9960B800896CF4 /* HomeVC.xib */; };
/* End PBXBuildFile section */

/* Begin PBXContainerItemProxy section */
		E71A2CF21B9960A300896CF4 /* PBXContainerItemProxy */ = {
			isa = PBXContainerItemProxy;
			containerPortal = E71A2CD01B9960A300896CF4 /* Project object */;
			proxyType = 1;
			remoteGlobalIDString = E71A2CD71B9960A300896CF4;
			remoteInfo = Instagram_parse;
		};
/* End PBXContainerItemProxy section */

/* Begin PBXFileReference section */
		01878BADDE675B6592FCD2B2 /* libPods-Instagram_parse.a */ = {isa = PBXFileReference; explicitFileType = archive.ar; includeInIndex = 0; path = "libPods-Instagram_parse.a"; sourceTree = BUILT_PRODUCTS_DIR; };
		1D62BE0D269AFF645BCCCDC6 /* Pods-Instagram_parse.release.xcconfig */ = {isa = PBXFileReference; includeInIndex = 1; lastKnownFileType = text.xcconfig; name = "Pods-Instagram_parse.release.xcconfig"; path = "Pods/Target Support Files/Pods-Instagram_parse/Pods-Instagram_parse.release.xcconfig"; sourceTree = "<group>"; };
		41E8C24E19C5D6D3736428A3 /* Pods-Instagram_parse.debug.xcconfig */ = {isa = PBXFileReference; includeInIndex = 1; lastKnownFileType = text.xcconfig; name = "Pods-Instagram_parse.debug.xcconfig"; path = "Pods/Target Support Files/Pods-Instagram_parse/Pods-Instagram_parse.debug.xcconfig"; sourceTree = "<group>"; };
		E71A2CD81B9960A300896CF4 /* Instagram_parse.app */ = {isa = PBXFileReference; explicitFileType = wrapper.application; includeInIndex = 0; path = Instagram_parse.app; sourceTree = BUILT_PRODUCTS_DIR; };
		E71A2CDC1B9960A300896CF4 /* Info.plist */ = {isa = PBXFileReference; lastKnownFileType = text.plist.xml; path = Info.plist; sourceTree = "<group>"; };
		E71A2CDD1B9960A300896CF4 /* main.m */ = {isa = PBXFileReference; lastKnownFileType = sourcecode.c.objc; path = main.m; sourceTree = "<group>"; };
		E71A2CDF1B9960A300896CF4 /* AppDelegate.h */ = {isa = PBXFileReference; lastKnownFileType = sourcecode.c.h; path = AppDelegate.h; sourceTree = "<group>"; };
		E71A2CE01B9960A300896CF4 /* AppDelegate.m */ = {isa = PBXFileReference; lastKnownFileType = sourcecode.c.objc; path = AppDelegate.m; sourceTree = "<group>"; };
		E71A2CE21B9960A300896CF4 /* ViewController.h */ = {isa = PBXFileReference; lastKnownFileType = sourcecode.c.h; path = ViewController.h; sourceTree = "<group>"; };
		E71A2CE31B9960A300896CF4 /* ViewController.m */ = {isa = PBXFileReference; lastKnownFileType = sourcecode.c.objc; path = ViewController.m; sourceTree = "<group>"; };
		E71A2CE61B9960A300896CF4 /* Base */ = {isa = PBXFileReference; lastKnownFileType = file.storyboard; name = Base; path = Base.lproj/Main.storyboard; sourceTree = "<group>"; };
		E71A2CE81B9960A300896CF4 /* Images.xcassets */ = {isa = PBXFileReference; lastKnownFileType = folder.assetcatalog; path = Images.xcassets; sourceTree = "<group>"; };
		E71A2CEB1B9960A300896CF4 /* Base */ = {isa = PBXFileReference; lastKnownFileType = file.xib; name = Base; path = Base.lproj/LaunchScreen.xib; sourceTree = "<group>"; };
		E71A2CF11B9960A300896CF4 /* Instagram_parseTests.xctest */ = {isa = PBXFileReference; explicitFileType = wrapper.cfbundle; includeInIndex = 0; path = Instagram_parseTests.xctest; sourceTree = BUILT_PRODUCTS_DIR; };
		E71A2CF61B9960A300896CF4 /* Info.plist */ = {isa = PBXFileReference; lastKnownFileType = text.plist.xml; path = Info.plist; sourceTree = "<group>"; };
		E71A2CF71B9960A300896CF4 /* Instagram_parseTests.m */ = {isa = PBXFileReference; lastKnownFileType = sourcecode.c.objc; path = Instagram_parseTests.m; sourceTree = "<group>"; };
		E71A2D011B9960B800896CF4 /* HomeVC.h */ = {isa = PBXFileReference; fileEncoding = 4; lastKnownFileType = sourcecode.c.h; path = HomeVC.h; sourceTree = "<group>"; };
		E71A2D021B9960B800896CF4 /* HomeVC.m */ = {isa = PBXFileReference; fileEncoding = 4; lastKnownFileType = sourcecode.c.objc; path = HomeVC.m; sourceTree = "<group>"; };
		E71A2D031B9960B800896CF4 /* HomeVC.xib */ = {isa = PBXFileReference; fileEncoding = 4; lastKnownFileType = file.xib; path = HomeVC.xib; sourceTree = "<group>"; };
/* End PBXFileReference section */

/* Begin PBXFrameworksBuildPhase section */
		E71A2CD51B9960A300896CF4 /* Frameworks */ = {
			isa = PBXFrameworksBuildPhase;
			buildActionMask = 2147483647;
			files = (
				CFC1D20911E1FC94AF78325C /* libPods-Instagram_parse.a in Frameworks */,
			);
			runOnlyForDeploymentPostprocessing = 0;
		};
		E71A2CEE1B9960A300896CF4 /* Frameworks */ = {
			isa = PBXFrameworksBuildPhase;
			buildActionMask = 2147483647;
			files = (
			);
			runOnlyForDeploymentPostprocessing = 0;
		};
/* End PBXFrameworksBuildPhase section */

/* Begin PBXGroup section */
		83401D5AA6D4459867C4260B /* Frameworks */ = {
			isa = PBXGroup;
			children = (
				01878BADDE675B6592FCD2B2 /* libPods-Instagram_parse.a */,
			);
			name = Frameworks;
			sourceTree = "<group>";
		};
		8529A0E321909B59C7947BBA /* Pods */ = {
			isa = PBXGroup;
			children = (
				41E8C24E19C5D6D3736428A3 /* Pods-Instagram_parse.debug.xcconfig */,
				1D62BE0D269AFF645BCCCDC6 /* Pods-Instagram_parse.release.xcconfig */,
			);
			name = Pods;
			sourceTree = "<group>";
		};
		E71A2CCF1B9960A300896CF4 = {
			isa = PBXGroup;
			children = (
				E71A2CDA1B9960A300896CF4 /* Instagram_parse */,
				E71A2CF41B9960A300896CF4 /* Instagram_parseTests */,
				E71A2CD91B9960A300896CF4 /* Products */,
				8529A0E321909B59C7947BBA /* Pods */,
				83401D5AA6D4459867C4260B /* Frameworks */,
			);
			sourceTree = "<group>";
		};
		E71A2CD91B9960A300896CF4 /* Products */ = {
			isa = PBXGroup;
			children = (
				E71A2CD81B9960A300896CF4 /* Instagram_parse.app */,
				E71A2CF11B9960A300896CF4 /* Instagram_parseTests.xctest */,
			);
			name = Products;
			sourceTree = "<group>";
		};
		E71A2CDA1B9960A300896CF4 /* Instagram_parse */ = {
			isa = PBXGroup;
			children = (
				E71A2CDF1B9960A300896CF4 /* AppDelegate.h */,
				E71A2CE01B9960A300896CF4 /* AppDelegate.m */,
				E71A2CE21B9960A300896CF4 /* ViewController.h */,
				E71A2CE31B9960A300896CF4 /* ViewController.m */,
				E71A2CE51B9960A300896CF4 /* Main.storyboard */,
				E71A2CE81B9960A300896CF4 /* Images.xcassets */,
				E71A2CEA1B9960A300896CF4 /* LaunchScreen.xib */,
				E71A2CDB1B9960A300896CF4 /* Supporting Files */,
				E71A2D011B9960B800896CF4 /* HomeVC.h */,
				E71A2D021B9960B800896CF4 /* HomeVC.m */,
				E71A2D031B9960B800896CF4 /* HomeVC.xib */,
			);
			path = Instagram_parse;
			sourceTree = "<group>";
		};
		E71A2CDB1B9960A300896CF4 /* Supporting Files */ = {
			isa = PBXGroup;
			children = (
				E71A2CDC1B9960A300896CF4 /* Info.plist */,
				E71A2CDD1B9960A300896CF4 /* main.m */,
			);
			name = "Supporting Files";
			sourceTree = "<group>";
		};
		E71A2CF41B9960A300896CF4 /* Instagram_parseTests */ = {
			isa = PBXGroup;
			children = (
				E71A2CF71B9960A300896CF4 /* Instagram_parseTests.m */,
				E71A2CF51B9960A300896CF4 /* Supporting Files */,
			);
			path = Instagram_parseTests;
			sourceTree = "<group>";
		};
		E71A2CF51B9960A300896CF4 /* Supporting Files */ = {
			isa = PBXGroup;
			children = (
				E71A2CF61B9960A300896CF4 /* Info.plist */,
			);
			name = "Supporting Files";
			sourceTree = "<group>";
		};
/* End PBXGroup section */

/* Begin PBXNativeTarget section */
		E71A2CD71B9960A300896CF4 /* Instagram_parse */ = {
			isa = PBXNativeTarget;
			buildConfigurationList = E71A2CFB1B9960A300896CF4 /* Build configuration list for PBXNativeTarget "Instagram_parse" */;
			buildPhases = (
				C629C216072CAE99F8A0BDEA /* Check Pods Manifest.lock */,
				E71A2CD41B9960A300896CF4 /* Sources */,
				E71A2CD51B9960A300896CF4 /* Frameworks */,
				E71A2CD61B9960A300896CF4 /* Resources */,
				B9221212B9F977CC6C21D97B /* Copy Pods Resources */,
			);
			buildRules = (
			);
			dependencies = (
			);
			name = Instagram_parse;
			productName = Instagram_parse;
			productReference = E71A2CD81B9960A300896CF4 /* Instagram_parse.app */;
			productType = "com.apple.product-type.application";
		};
		E71A2CF01B9960A300896CF4 /* Instagram_parseTests */ = {
			isa = PBXNativeTarget;
			buildConfigurationList = E71A2CFE1B9960A300896CF4 /* Build configuration list for PBXNativeTarget "Instagram_parseTests" */;
			buildPhases = (
				E71A2CED1B9960A300896CF4 /* Sources */,
				E71A2CEE1B9960A300896CF4 /* Frameworks */,
				E71A2CEF1B9960A300896CF4 /* Resources */,
			);
			buildRules = (
			);
			dependencies = (
				E71A2CF31B9960A300896CF4 /* PBXTargetDependency */,
			);
			name = Instagram_parseTests;
			productName = Instagram_parseTests;
			productReference = E71A2CF11B9960A300896CF4 /* Instagram_parseTests.xctest */;
			productType = "com.apple.product-type.bundle.unit-test";
		};
/* End PBXNativeTarget section */

/* Begin PBXProject section */
		E71A2CD01B9960A300896CF4 /* Project object */ = {
			isa = PBXProject;
			attributes = {
				LastUpgradeCheck = 0630;
				ORGANIZATIONNAME = Tops;
				TargetAttributes = {
					E71A2CD71B9960A300896CF4 = {
						CreatedOnToolsVersion = 6.3.1;
					};
					E71A2CF01B9960A300896CF4 = {
						CreatedOnToolsVersion = 6.3.1;
						TestTargetID = E71A2CD71B9960A300896CF4;
					};
				};
			};
			buildConfigurationList = E71A2CD31B9960A300896CF4 /* Build configuration list for PBXProject "Instagram_parse" */;
			compatibilityVersion = "Xcode 3.2";
			developmentRegion = English;
			hasScannedForEncodings = 0;
			knownRegions = (
				en,
				Base,
			);
			mainGroup = E71A2CCF1B9960A300896CF4;
			productRefGroup = E71A2CD91B9960A300896CF4 /* Products */;
			projectDirPath = "";
			projectRoot = "";
			targets = (
				E71A2CD71B9960A300896CF4 /* Instagram_parse */,
				E71A2CF01B9960A300896CF4 /* Instagram_parseTests */,
			);
		};
/* End PBXProject section */

/* Begin PBXResourcesBuildPhase section */
		E71A2CD61B9960A300896CF4 /* Resources */ = {
			isa = PBXResourcesBuildPhase;
			buildActionMask = 2147483647;
			files = (
				E71A2CE71B9960A300896CF4 /* Main.storyboard in Resources */,
				E71A2D051B9960B800896CF4 /* HomeVC.xib in Resources */,
				E71A2CEC1B9960A300896CF4 /* LaunchScreen.xib in Resources */,
				E71A2CE91B9960A300896CF4 /* Images.xcassets in Resources */,
			);
			runOnlyForDeploymentPostprocessing = 0;
		};
		E71A2CEF1B9960A300896CF4 /* Resources */ = {
			isa = PBXResourcesBuildPhase;
			buildActionMask = 2147483647;
			files = (
			);
			runOnlyForDeploymentPostprocessing = 0;
		};
/* End PBXResourcesBuildPhase section */

/* Begin PBXShellScriptBuildPhase section */
		B9221212B9F977CC6C21D97B /* Copy Pods Resources */ = {
			isa = PBXShellScriptBuildPhase;
			buildActionMask = 2147483647;
			files = (
			);
			inputPaths = (
			);
			name = "Copy Pods Resources";
			outputPaths = (
			);
			runOnlyForDeploymentPostprocessing = 0;
			shellPath = /bin/sh;
			shellScript = "\"${SRCROOT}/Pods/Target Support Files/Pods-Instagram_parse/Pods-Instagram_parse-resources.sh\"\n";
			showEnvVarsInLog = 0;
		};
		C629C216072CAE99F8A0BDEA /* Check Pods Manifest.lock */ = {
			isa = PBXShellScriptBuildPhase;
			buildActionMask = 2147483647;
			files = (
			);
			inputPaths = (
			);
			name = "Check Pods Manifest.lock";
			outputPaths = (
			);
			runOnlyForDeploymentPostprocessing = 0;
			shellPath = /bin/sh;
			shellScript = "diff \"${PODS_ROOT}/../Podfile.lock\" \"${PODS_ROOT}/Manifest.lock\" > /dev/null\nif [[ $? != 0 ]] ; then\n    cat << EOM\nerror: The sandbox is not in sync with the Podfile.lock. Run 'pod install' or update your CocoaPods installation.\nEOM\n    exit 1\nfi\n";
			showEnvVarsInLog = 0;
		};
/* End PBXShellScriptBuildPhase section */

/* Begin PBXSourcesBuildPhase section */
		E71A2CD41B9960A300896CF4 /* Sources */ = {
			isa = PBXSourcesBuildPhase;
			buildActionMask = 2147483647;
			files = (
				E71A2CE41B9960A300896CF4 /* ViewController.m in Sources */,
				E71A2D041B9960B800896CF4 /* HomeVC.m in Sources */,
				E71A2CE11B9960A300896CF4 /* AppDelegate.m in Sources */,
				E71A2CDE1B9960A300896CF4 /* main.m in Sources */,
			);
			runOnlyForDeploymentPostprocessing = 0;
		};
		E71A2CED1B9960A300896CF4 /* Sources */ = {
			isa = PBXSourcesBuildPhase;
			buildActionMask = 2147483647;
			files = (
				E71A2CF81B9960A300896CF4 /* Instagram_parseTests.m in Sources */,
			);
			runOnlyForDeploymentPostprocessing = 0;
		};
/* End PBXSourcesBuildPhase section */

/* Begin PBXTargetDependency section */
		E71A2CF31B9960A300896CF4 /* PBXTargetDependency */ = {
			isa = PBXTargetDependency;
			target = E71A2CD71B9960A300896CF4 /* Instagram_parse */;
			targetProxy = E71A2CF21B9960A300896CF4 /* PBXContainerItemProxy */;
		};
/* End PBXTargetDependency section */

/* Begin PBXVariantGroup section */
		E71A2CE51B9960A300896CF4 /* Main.storyboard */ = {
			isa = PBXVariantGroup;
			children = (
				E71A2CE61B9960A300896CF4 /* Base */,
			);
			name = Main.storyboard;
			sourceTree = "<group>";
		};
		E71A2CEA1B9960A300896CF4 /* LaunchScreen.xib */ = {
			isa = PBXVariantGroup;
			children = (
				E71A2CEB1B9960A300896CF4 /* Base */,
			);
			name = LaunchScreen.xib;
			sourceTree = "<group>";
		};
/* End PBXVariantGroup section */

/* Begin XCBuildConfiguration section */
		E71A2CF91B9960A300896CF4 /* Debug */ = {
			isa = XCBuildConfiguration;
			buildSettings = {
				ALWAYS_SEARCH_USER_PATHS = NO;
				CLANG_CXX_LANGUAGE_STANDARD = "gnu++0x";
				CLANG_CXX_LIBRARY = "libc++";
				CLANG_ENABLE_MODULES = YES;
				CLANG_ENABLE_OBJC_ARC = YES;
				CLANG_WARN_BOOL_CONVERSION = YES;
				CLANG_WARN_CONSTANT_CONVERSION = YES;
				CLANG_WARN_DIRECT_OBJC_ISA_USAGE = YES_ERROR;
				CLANG_WARN_EMPTY_BODY = YES;
				CLANG_WARN_ENUM_CONVERSION = YES;
				CLANG_WARN_INT_CONVERSION = YES;
				CLANG_WARN_OBJC_ROOT_CLASS = YES_ERROR;
				CLANG_WARN_UNREACHABLE_CODE = YES;
				CLANG_WARN__DUPLICATE_METHOD_MATCH = YES;
				"CODE_SIGN_IDENTITY[sdk=iphoneos*]" = "iPhone Developer";
				COPY_PHASE_STRIP = NO;
				DEBUG_INFORMATION_FORMAT = "dwarf-with-dsym";
				ENABLE_STRICT_OBJC_MSGSEND = YES;
				GCC_C_LANGUAGE_STANDARD = gnu99;
				GCC_DYNAMIC_NO_PIC = NO;
				GCC_NO_COMMON_BLOCKS = YES;
				GCC_OPTIMIZATION_LEVEL = 0;
				GCC_PREPROCESSOR_DEFINITIONS = (
					"DEBUG=1",
					"$(inherited)",
				);
				GCC_SYMBOLS_PRIVATE_EXTERN = NO;
				GCC_WARN_64_TO_32_BIT_CONVERSION = YES;
				GCC_WARN_ABOUT_RETURN_TYPE = YES_ERROR;
				GCC_WARN_UNDECLARED_SELECTOR = YES;
				GCC_WARN_UNINITIALIZED_AUTOS = YES_AGGRESSIVE;
				GCC_WARN_UNUSED_FUNCTION = YES;
				GCC_WARN_UNUSED_VARIABLE = YES;
				IPHONEOS_DEPLOYMENT_TARGET = 8.3;
				MTL_ENABLE_DEBUG_INFO = YES;
				ONLY_ACTIVE_ARCH = YES;
				SDKROOT = iphoneos;
			};
			name = Debug;
		};
		E71A2CFA1B9960A300896CF4 /* Release */ = {
			isa = XCBuildConfiguration;
			buildSettings = {
				ALWAYS_SEARCH_USER_PATHS = NO;
				CLANG_CXX_LANGUAGE_STANDARD = "gnu++0x";
				CLANG_CXX_LIBRARY = "libc++";
				CLANG_ENABLE_MODULES = YES;
				CLANG_ENABLE_OBJC_ARC = YES;
				CLANG_WARN_BOOL_CONVERSION = YES;
				CLANG_WARN_CONSTANT_CONVERSION = YES;
				CLANG_WARN_DIRECT_OBJC_ISA_USAGE = YES_ERROR;
				CLANG_WARN_EMPTY_BODY = YES;
				CLANG_WARN_ENUM_CONVERSION = YES;
				CLANG_WARN_INT_CONVERSION = YES;
				CLANG_WARN_OBJC_ROOT_CLASS = YES_ERROR;
				CLANG_WARN_UNREACHABLE_CODE = YES;
				CLANG_WARN__DUPLICATE_METHOD_MATCH = YES;
				"CODE_SIGN_IDENTITY[sdk=iphoneos*]" = "iPhone Developer";
				COPY_PHASE_STRIP = NO;
				DEBUG_INFORMATION_FORMAT = "dwarf-with-dsym";
				ENABLE_NS_ASSERTIONS = NO;
				ENABLE_STRICT_OBJC_MSGSEND = YES;
				GCC_C_LANGUAGE_STANDARD = gnu99;
				GCC_NO_COMMON_BLOCKS = YES;
				GCC_WARN_64_TO_32_BIT_CONVERSION = YES;
				GCC_WARN_ABOUT_RETURN_TYPE = YES_ERROR;
				GCC_WARN_UNDECLARED_SELECTOR = YES;
				GCC_WARN_UNINITIALIZED_AUTOS = YES_AGGRESSIVE;
				GCC_WARN_UNUSED_FUNCTION = YES;
				GCC_WARN_UNUSED_VARIABLE = YES;
				IPHONEOS_DEPLOYMENT_TARGET = 8.3;
				MTL_ENABLE_DEBUG_INFO = NO;
				SDKROOT = iphoneos;
				VALIDATE_PRODUCT = YES;
			};
			name = Release;
		};
		E71A2CFC1B9960A300896CF4 /* Debug */ = {
			isa = XCBuildConfiguration;
			baseConfigurationReference = 41E8C24E19C5D6D3736428A3 /* Pods-Instagram_parse.debug.xcconfig */;
			buildSettings = {
				ASSETCATALOG_COMPILER_APPICON_NAME = AppIcon;
				INFOPLIST_FILE = Instagram_parse/Info.plist;
				LD_RUNPATH_SEARCH_PATHS = "$(inherited) @executable_path/Frameworks";
				PRODUCT_NAME = "$(TARGET_NAME)";
			};
			name = Debug;
		};
		E71A2CFD1B9960A300896CF4 /* Release */ = {
			isa = XCBuildConfiguration;
			baseConfigurationReference = 1D62BE0D269AFF645BCCCDC6 /* Pods-Instagram_parse.release.xcconfig */;
			buildSettings = {
				ASSETCATALOG_COMPILER_APPICON_NAME = AppIcon;
				INFOPLIST_FILE = Instagram_parse/Info.plist;
				LD_RUNPATH_SEARCH_PATHS = "$(inherited) @executable_path/Frameworks";
				PRODUCT_NAME = "$(TARGET_NAME)";
			};
			name = Release;
		};
		E71A2CFF1B9960A300896CF4 /* Debug */ = {
			isa = XCBuildConfiguration;
			buildSettings = {
				BUNDLE_LOADER = "$(TEST_HOST)";
				FRAMEWORK_SEARCH_PATHS = (
					"$(SDKROOT)/Developer/Library/Frameworks",
					"$(inherited)",
				);
				GCC_PREPROCESSOR_DEFINITIONS = (
					"DEBUG=1",
					"$(inherited)",
				);
				INFOPLIST_FILE = Instagram_parseTests/Info.plist;
				LD_RUNPATH_SEARCH_PATHS = "$(inherited) @executable_path/Frameworks @loader_path/Frameworks";
				PRODUCT_NAME = "$(TARGET_NAME)";
				TEST_HOST = "$(BUILT_PRODUCTS_DIR)/Instagram_parse.app/Instagram_parse";
			};
			name = Debug;
		};
		E71A2D001B9960A300896CF4 /* Release */ = {
			isa = XCBuildConfiguration;
			buildSettings = {
				BUNDLE_LOADER = "$(TEST_HOST)";
				FRAMEWORK_SEARCH_PATHS = (
					"$(SDKROOT)/Developer/Library/Frameworks",
					"$(inherited)",
				);
				INFOPLIST_FILE = Instagram_parseTests/Info.plist;
				LD_RUNPATH_SEARCH_PATHS = "$(inherited) @executable_path/Frameworks @loader_path/Frameworks";
				PRODUCT_NAME = "$(TARGET_NAME)";
				TEST_HOST = "$(BUILT_PRODUCTS_DIR)/Instagram_parse.app/Instagram_parse";
			};
			name = Release;
		};
/* End XCBuildConfiguration section */

/* Begin XCConfigurationList section */
		E71A2CD31B9960A300896CF4 /* Build configuration list for PBXProject "Instagram_parse" */ = {
			isa = XCConfigurationList;
			buildConfigurations = (
				E71A2CF91B9960A300896CF4 /* Debug */,
				E71A2CFA1B9960A300896CF4 /* Release */,
			);
			defaultConfigurationIsVisible = 0;
			defaultConfigurationName = Release;
		};
		E71A2CFB1B9960A300896CF4 /* Build configuration list for PBXNativeTarget "Instagram_parse" */ = {
			isa = XCConfigurationList;
			buildConfigurations = (
				E71A2CFC1B9960A300896CF4 /* Debug */,
				E71A2CFD1B9960A300896CF4 /* Release */,
			);
			defaultConfigurationIsVisible = 0;
			defaultConfigurationName = Release;
		};
		E71A2CFE1B9960A300896CF4 /* Build configuration list for PBXNativeTarget "Instagram_parseTests" */ = {
			isa = XCConfigurationList;
			buildConfigurations = (
				E71A2CFF1B9960A300896CF4 /* Debug */,
				E71A2D001B9960A300896CF4 /* Release */,
			);
			defaultConfigurationIsVisible = 0;
			defaultConfigurationName = Release;
		};
/* End XCConfigurationList section */
	};
	rootObject = E71A2CD01B9960A300896CF4 /* Project object */;
}
